// !$*UTF8*$!
{
	archiveVersion = 1;
	classes = {
	};
	objectVersion = 50;
	objects = {

/* Begin PBXBuildFile section */
		D8EFF1C225F3C0E6005B6E4D /* main.cpp in Sources */ = {isa = PBXBuildFile; fileRef = D8EFF1C125F3C0E6005B6E4D /* main.cpp */; };
/* End PBXBuildFile section */

/* Begin PBXContainerItemProxy section */
		D8EFF1DF25F478BA005B6E4D /* PBXContainerItemProxy */ = {
			isa = PBXContainerItemProxy;
			containerPortal = D8EFF1DB25F478B9005B6E4D /* Pimpl.xcodeproj */;
			proxyType = 2;
			remoteGlobalIDString = D8EFF1D125F478B9005B6E4D;
			remoteInfo = Pimpl;
		};
		D8F689E725FEFD0D00743C4A /* PBXContainerItemProxy */ = {
			isa = PBXContainerItemProxy;
			containerPortal = D8F689E325FEFD0C00743C4A /* NamedParameter.xcodeproj */;
			proxyType = 2;
			remoteGlobalIDString = D8F689D925FEFD0C00743C4A;
			remoteInfo = NamedParameter;
		};
/* End PBXContainerItemProxy section */

/* Begin PBXCopyFilesBuildPhase section */
		D8EFF1BC25F3C0E6005B6E4D /* CopyFiles */ = {
			isa = PBXCopyFilesBuildPhase;
			buildActionMask = 2147483647;
			dstPath = /usr/share/man/man1/;
			dstSubfolderSpec = 0;
			files = (
			);
			runOnlyForDeploymentPostprocessing = 1;
		};
/* End PBXCopyFilesBuildPhase section */

/* Begin PBXFileReference section */
		D8EFF1BE25F3C0E6005B6E4D /* DesginPattern */ = {isa = PBXFileReference; explicitFileType = "compiled.mach-o.executable"; includeInIndex = 0; path = DesginPattern; sourceTree = BUILT_PRODUCTS_DIR; };
		D8EFF1C125F3C0E6005B6E4D /* main.cpp */ = {isa = PBXFileReference; lastKnownFileType = sourcecode.cpp.cpp; path = main.cpp; sourceTree = "<group>"; };
		D8EFF1DB25F478B9005B6E4D /* Pimpl.xcodeproj */ = {isa = PBXFileReference; lastKnownFileType = "wrapper.pb-project"; name = Pimpl.xcodeproj; path = Pimpl/Pimpl.xcodeproj; sourceTree = "<group>"; };
		D8F689E325FEFD0C00743C4A /* NamedParameter.xcodeproj */ = {isa = PBXFileReference; lastKnownFileType = "wrapper.pb-project"; name = NamedParameter.xcodeproj; path = NamedParameter/NamedParameter.xcodeproj; sourceTree = "<group>"; };
/* End PBXFileReference section */

/* Begin PBXFrameworksBuildPhase section */
		D8EFF1BB25F3C0E6005B6E4D /* Frameworks */ = {
			isa = PBXFrameworksBuildPhase;
			buildActionMask = 2147483647;
			files = (
			);
			runOnlyForDeploymentPostprocessing = 0;
		};
/* End PBXFrameworksBuildPhase section */

/* Begin PBXGroup section */
		D8EFF1B525F3C0E6005B6E4D = {
			isa = PBXGroup;
			children = (
				D8F689E325FEFD0C00743C4A /* NamedParameter.xcodeproj */,
				D8EFF1DB25F478B9005B6E4D /* Pimpl.xcodeproj */,
				D8EFF1C025F3C0E6005B6E4D /* DesginPattern */,
				D8EFF1BF25F3C0E6005B6E4D /* Products */,
			);
			sourceTree = "<group>";
		};
		D8EFF1BF25F3C0E6005B6E4D /* Products */ = {
			isa = PBXGroup;
			children = (
				D8EFF1BE25F3C0E6005B6E4D /* DesginPattern */,
			);
			name = Products;
			sourceTree = "<group>";
		};
		D8EFF1C025F3C0E6005B6E4D /* DesginPattern */ = {
			isa = PBXGroup;
			children = (
				D8EFF1C125F3C0E6005B6E4D /* main.cpp */,
			);
			path = DesginPattern;
			sourceTree = "<group>";
		};
		D8EFF1DC25F478B9005B6E4D /* Products */ = {
			isa = PBXGroup;
			children = (
				D8EFF1E025F478BA005B6E4D /* Pimpl */,
			);
			name = Products;
			sourceTree = "<group>";
		};
		D8F689E425FEFD0C00743C4A /* Products */ = {
			isa = PBXGroup;
			children = (
				D8F689E825FEFD0D00743C4A /* NamedParameter */,
			);
			name = Products;
			sourceTree = "<group>";
		};
/* End PBXGroup section */

/* Begin PBXNativeTarget section */
		D8EFF1BD25F3C0E6005B6E4D /* DesginPattern */ = {
			isa = PBXNativeTarget;
			buildConfigurationList = D8EFF1C525F3C0E6005B6E4D /* Build configuration list for PBXNativeTarget "DesginPattern" */;
			buildPhases = (
				D8EFF1BA25F3C0E6005B6E4D /* Sources */,
				D8EFF1BB25F3C0E6005B6E4D /* Frameworks */,
				D8EFF1BC25F3C0E6005B6E4D /* CopyFiles */,
			);
			buildRules = (
			);
			dependencies = (
			);
			name = DesginPattern;
			productName = DesginPattern;
			productReference = D8EFF1BE25F3C0E6005B6E4D /* DesginPattern */;
			productType = "com.apple.product-type.tool";
		};
/* End PBXNativeTarget section */

/* Begin PBXProject section */
		D8EFF1B625F3C0E6005B6E4D /* Project object */ = {
			isa = PBXProject;
			attributes = {
				LastUpgradeCheck = 1130;
				ORGANIZATIONNAME = "Mehtab Ali Syed (CS)";
				TargetAttributes = {
					D8EFF1BD25F3C0E6005B6E4D = {
						CreatedOnToolsVersion = 11.3.1;
					};
				};
			};
			buildConfigurationList = D8EFF1B925F3C0E6005B6E4D /* Build configuration list for PBXProject "DesginPattern" */;
			compatibilityVersion = "Xcode 9.3";
			developmentRegion = en;
			hasScannedForEncodings = 0;
			knownRegions = (
				en,
				Base,
			);
			mainGroup = D8EFF1B525F3C0E6005B6E4D;
			productRefGroup = D8EFF1BF25F3C0E6005B6E4D /* Products */;
			projectDirPath = "";
			projectReferences = (
				{
					ProductGroup = D8F689E425FEFD0C00743C4A /* Products */;
					ProjectRef = D8F689E325FEFD0C00743C4A /* NamedParameter.xcodeproj */;
				},
				{
					ProductGroup = D8EFF1DC25F478B9005B6E4D /* Products */;
					ProjectRef = D8EFF1DB25F478B9005B6E4D /* Pimpl.xcodeproj */;
				},
			);
			projectRoot = "";
			targets = (
				D8EFF1BD25F3C0E6005B6E4D /* DesginPattern */,
			);
		};
/* End PBXProject section */

/* Begin PBXReferenceProxy section */
		D8EFF1E025F478BA005B6E4D /* Pimpl */ = {
			isa = PBXReferenceProxy;
			fileType = "compiled.mach-o.executable";
			path = Pimpl;
			remoteRef = D8EFF1DF25F478BA005B6E4D /* PBXContainerItemProxy */;
			sourceTree = BUILT_PRODUCTS_DIR;
		};
		D8F689E825FEFD0D00743C4A /* NamedParameter */ = {
			isa = PBXReferenceProxy;
			fileType = "compiled.mach-o.executable";
			path = NamedParameter;
			remoteRef = D8F689E725FEFD0D00743C4A /* PBXContainerItemProxy */;
			sourceTree = BUILT_PRODUCTS_DIR;
		};
/* End PBXReferenceProxy section */

/* Begin PBXSourcesBuildPhase section */
		D8EFF1BA25F3C0E6005B6E4D /* Sources */ = {
			isa = PBXSourcesBuildPhase;
			buildActionMask = 2147483647;
			files = (
				D8EFF1C225F3C0E6005B6E4D /* main.cpp in Sources */,
			);
			runOnlyForDeploymentPostprocessing = 0;
		};
/* End PBXSourcesBuildPhase section */

/* Begin XCBuildConfiguration section */
		D8EFF1C325F3C0E6005B6E4D /* Debug */ = {
			isa = XCBuildConfiguration;
			buildSettings = {
				ALWAYS_SEARCH_USER_PATHS = NO;
				CLANG_ANALYZER_NONNULL = YES;
				CLANG_ANALYZER_NUMBER_OBJECT_CONVERSION = YES_AGGRESSIVE;
				CLANG_CXX_LANGUAGE_STANDARD = "gnu++14";
				CLANG_CXX_LIBRARY = "libc++";
				CLANG_ENABLE_MODULES = YES;
				CLANG_ENABLE_OBJC_ARC = YES;
				CLANG_ENABLE_OBJC_WEAK = YES;
				CLANG_WARN_BLOCK_CAPTURE_AUTORELEASING = YES;
				CLANG_WARN_BOOL_CONVERSION = YES;
				CLANG_WARN_COMMA = YES;
				CLANG_WARN_CONSTANT_CONVERSION = YES;
				CLANG_WARN_DEPRECATED_OBJC_IMPLEMENTATIONS = YES;
				CLANG_WARN_DIRECT_OBJC_ISA_USAGE = YES_ERROR;
				CLANG_WARN_DOCUMENTATION_COMMENTS = YES;
				CLANG_WARN_EMPTY_BODY = YES;
				CLANG_WARN_ENUM_CONVERSION = YES;
				CLANG_WARN_INFINITE_RECURSION = YES;
				CLANG_WARN_INT_CONVERSION = YES;
				CLANG_WARN_NON_LITERAL_NULL_CONVERSION = YES;
				CLANG_WARN_OBJC_IMPLICIT_RETAIN_SELF = YES;
				CLANG_WARN_OBJC_LITERAL_CONVERSION = YES;
				CLANG_WARN_OBJC_ROOT_CLASS = YES_ERROR;
				CLANG_WARN_RANGE_LOOP_ANALYSIS = YES;
				CLANG_WARN_STRICT_PROTOTYPES = YES;
				CLANG_WARN_SUSPICIOUS_MOVE = YES;
				CLANG_WARN_UNGUARDED_AVAILABILITY = YES_AGGRESSIVE;
				CLANG_WARN_UNREACHABLE_CODE = YES;
				CLANG_WARN__DUPLICATE_METHOD_MATCH = YES;
				COPY_PHASE_STRIP = NO;
				DEBUG_INFORMATION_FORMAT = dwarf;
				ENABLE_STRICT_OBJC_MSGSEND = YES;
				ENABLE_TESTABILITY = YES;
				GCC_C_LANGUAGE_STANDARD = gnu11;
				GCC_DYNAMIC_NO_PIC = NO;
				GCC_NO_COMMON_BLOCKS = YES;
				GCC_OPTIMIZATION_LEVEL = 0;
				GCC_PREPROCESSOR_DEFINITIONS = (
					"DEBUG=1",
					"$(inherited)",
				);
				GCC_WARN_64_TO_32_BIT_CONVERSION = YES;
				GCC_WARN_ABOUT_RETURN_TYPE = YES_ERROR;
				GCC_WARN_UNDECLARED_SELECTOR = YES;
				GCC_WARN_UNINITIALIZED_AUTOS = YES_AGGRESSIVE;
				GCC_WARN_UNUSED_FUNCTION = YES;
				GCC_WARN_UNUSED_VARIABLE = YES;
				MACOSX_DEPLOYMENT_TARGET = 10.14;
				MTL_ENABLE_DEBUG_INFO = INCLUDE_SOURCE;
				MTL_FAST_MATH = YES;
				ONLY_ACTIVE_ARCH = YES;
				SDKROOT = macosx;
			};
			name = Debug;
		};
		D8EFF1C425F3C0E6005B6E4D /* Release */ = {
			isa = XCBuildConfiguration;
			buildSettings = {
				ALWAYS_SEARCH_USER_PATHS = NO;
				CLANG_ANALYZER_NONNULL = YES;
				CLANG_ANALYZER_NUMBER_OBJECT_CONVERSION = YES_AGGRESSIVE;
				CLANG_CXX_LANGUAGE_STANDARD = "gnu++14";
				CLANG_CXX_LIBRARY = "libc++";
				CLANG_ENABLE_MODULES = YES;
				CLANG_ENABLE_OBJC_ARC = YES;
				CLANG_ENABLE_OBJC_WEAK = YES;
				CLANG_WARN_BLOCK_CAPTURE_AUTORELEASING = YES;
				CLANG_WARN_BOOL_CONVERSION = YES;
				CLANG_WARN_COMMA = YES;
				CLANG_WARN_CONSTANT_CONVERSION = YES;
				CLANG_WARN_DEPRECATED_OBJC_IMPLEMENTATIONS = YES;
				CLANG_WARN_DIRECT_OBJC_ISA_USAGE = YES_ERROR;
				CLANG_WARN_DOCUMENTATION_COMMENTS = YES;
				CLANG_WARN_EMPTY_BODY = YES;
				CLANG_WARN_ENUM_CONVERSION = YES;
				CLANG_WARN_INFINITE_RECURSION = YES;
				CLANG_WARN_INT_CONVERSION = YES;
				CLANG_WARN_NON_LITERAL_NULL_CONVERSION = YES;
				CLANG_WARN_OBJC_IMPLICIT_RETAIN_SELF = YES;
				CLANG_WARN_OBJC_LITERAL_CONVERSION = YES;
				CLANG_WARN_OBJC_ROOT_CLASS = YES_ERROR;
				CLANG_WARN_RANGE_LOOP_ANALYSIS = YES;
				CLANG_WARN_STRICT_PROTOTYPES = YES;
				CLANG_WARN_SUSPICIOUS_MOVE = YES;
				CLANG_WARN_UNGUARDED_AVAILABILITY = YES_AGGRESSIVE;
				CLANG_WARN_UNREACHABLE_CODE = YES;
				CLANG_WARN__DUPLICATE_METHOD_MATCH = YES;
				COPY_PHASE_STRIP = NO;
				DEBUG_INFORMATION_FORMAT = "dwarf-with-dsym";
				ENABLE_NS_ASSERTIONS = NO;
				ENABLE_STRICT_OBJC_MSGSEND = YES;
				GCC_C_LANGUAGE_STANDARD = gnu11;
				GCC_NO_COMMON_BLOCKS = YES;
				GCC_WARN_64_TO_32_BIT_CONVERSION = YES;
				GCC_WARN_ABOUT_RETURN_TYPE = YES_ERROR;
				GCC_WARN_UNDECLARED_SELECTOR = YES;
				GCC_WARN_UNINITIALIZED_AUTOS = YES_AGGRESSIVE;
				GCC_WARN_UNUSED_FUNCTION = YES;
				GCC_WARN_UNUSED_VARIABLE = YES;
				MACOSX_DEPLOYMENT_TARGET = 10.14;
				MTL_ENABLE_DEBUG_INFO = NO;
				MTL_FAST_MATH = YES;
				SDKROOT = macosx;
			};
			name = Release;
		};
		D8EFF1C625F3C0E6005B6E4D /* Debug */ = {
			isa = XCBuildConfiguration;
			buildSettings = {
				CODE_SIGN_STYLE = Automatic;
				PRODUCT_NAME = "$(TARGET_NAME)";
			};
			name = Debug;
		};
		D8EFF1C725F3C0E6005B6E4D /* Release */ = {
			isa = XCBuildConfiguration;
			buildSettings = {
				CODE_SIGN_STYLE = Automatic;
				PRODUCT_NAME = "$(TARGET_NAME)";
			};
			name = Release;
		};
/* End XCBuildConfiguration section */

/* Begin XCConfigurationList section */
		D8EFF1B925F3C0E6005B6E4D /* Build configuration list for PBXProject "DesginPattern" */ = {
			isa = XCConfigurationList;
			buildConfigurations = (
				D8EFF1C325F3C0E6005B6E4D /* Debug */,
				D8EFF1C425F3C0E6005B6E4D /* Release */,
			);
			defaultConfigurationIsVisible = 0;
			defaultConfigurationName = Release;
		};
		D8EFF1C525F3C0E6005B6E4D /* Build configuration list for PBXNativeTarget "DesginPattern" */ = {
			isa = XCConfigurationList;
			buildConfigurations = (
				D8EFF1C625F3C0E6005B6E4D /* Debug */,
				D8EFF1C725F3C0E6005B6E4D /* Release */,
			);
			defaultConfigurationIsVisible = 0;
			defaultConfigurationName = Release;
		};
/* End XCConfigurationList section */
	};
	rootObject = D8EFF1B625F3C0E6005B6E4D /* Project object */;
}
